// !$*UTF8*$!
{
	archiveVersion = 1;
	classes = {
	};
	objectVersion = 51;
	objects = {

/* Begin PBXBuildFile section */
		418EB41D6C7A872E23502958 /* Pods_test.framework in Frameworks */ = {isa = PBXBuildFile; fileRef = 8DA822C9812993DC89F40CE2 /* Pods_test.framework */; };
		78131C70277AFF7E00143DC4 /* BaseViewController.swift in Sources */ = {isa = PBXBuildFile; fileRef = 78131C6F277AFF7E00143DC4 /* BaseViewController.swift */; };
		78131C72277B015E00143DC4 /* VisitorView.swift in Sources */ = {isa = PBXBuildFile; fileRef = 78131C71277B015E00143DC4 /* VisitorView.swift */; };
		78131C74277B018D00143DC4 /* VisitorView.xib in Resources */ = {isa = PBXBuildFile; fileRef = 78131C73277B018D00143DC4 /* VisitorView.xib */; };
		787870EB277EEF5000290005 /* UserAccount.swift in Sources */ = {isa = PBXBuildFile; fileRef = 787870EA277EEF5000290005 /* UserAccount.swift */; };
		788864B427769FF20026673F /* AppDelegate.swift in Sources */ = {isa = PBXBuildFile; fileRef = 788864B327769FF20026673F /* AppDelegate.swift */; };
		788864B627769FF20026673F /* SceneDelegate.swift in Sources */ = {isa = PBXBuildFile; fileRef = 788864B527769FF20026673F /* SceneDelegate.swift */; };
		788864BB27769FF20026673F /* Main.storyboard in Resources */ = {isa = PBXBuildFile; fileRef = 788864B927769FF20026673F /* Main.storyboard */; };
		788864BD27769FF20026673F /* Assets.xcassets in Resources */ = {isa = PBXBuildFile; fileRef = 788864BC27769FF20026673F /* Assets.xcassets */; };
		788864C027769FF20026673F /* LaunchScreen.storyboard in Resources */ = {isa = PBXBuildFile; fileRef = 788864BE27769FF20026673F /* LaunchScreen.storyboard */; };
		78BBEA002782AFCB0054F0CA /* PicCollectionView.swift in Sources */ = {isa = PBXBuildFile; fileRef = 78BBE9FF2782AFCB0054F0CA /* PicCollectionView.swift */; };
		78BFFCB5277C2E4D003F932B /* OAuthViewController.swift in Sources */ = {isa = PBXBuildFile; fileRef = 78BFFCB3277C2E4D003F932B /* OAuthViewController.swift */; };
		78BFFCB6277C2E4D003F932B /* OAuthViewController.xib in Resources */ = {isa = PBXBuildFile; fileRef = 78BFFCB4277C2E4D003F932B /* OAuthViewController.xib */; };
		78BFFCB8277C36EF003F932B /* NetworkTools.swift in Sources */ = {isa = PBXBuildFile; fileRef = 78BFFCB7277C36EF003F932B /* NetworkTools.swift */; };
		78D582CC2778470800C550DA /* MainViewController.swift in Sources */ = {isa = PBXBuildFile; fileRef = 78D582CB2778470800C550DA /* MainViewController.swift */; };
		78D582CE2778497900C550DA /* HomeViewController.swift in Sources */ = {isa = PBXBuildFile; fileRef = 78D582CD2778497900C550DA /* HomeViewController.swift */; };
		78D582D02778498B00C550DA /* DiscoverViewController.swift in Sources */ = {isa = PBXBuildFile; fileRef = 78D582CF2778498B00C550DA /* DiscoverViewController.swift */; };
		78D582D22778499800C550DA /* MessageViewController.swift in Sources */ = {isa = PBXBuildFile; fileRef = 78D582D12778499800C550DA /* MessageViewController.swift */; };
		78D582D4277849A700C550DA /* ProfileViewController.swift in Sources */ = {isa = PBXBuildFile; fileRef = 78D582D3277849A700C550DA /* ProfileViewController.swift */; };
		78D582D727788D4900C550DA /* Home.storyboard in Resources */ = {isa = PBXBuildFile; fileRef = 78D582D527788D4900C550DA /* Home.storyboard */; };
		78D582D927788DA400C550DA /* Message.storyboard in Resources */ = {isa = PBXBuildFile; fileRef = 78D582D827788DA400C550DA /* Message.storyboard */; };
		78D582DB27788DC300C550DA /* Discover.storyboard in Resources */ = {isa = PBXBuildFile; fileRef = 78D582DA27788DC300C550DA /* Discover.storyboard */; };
		78D582DE27788DDE00C550DA /* Me.storyboard in Resources */ = {isa = PBXBuildFile; fileRef = 78D582DC27788DDE00C550DA /* Me.storyboard */; };
		78D582E72778A29F00C550DA /* UIButton_Extension.swift in Sources */ = {isa = PBXBuildFile; fileRef = 78D582E62778A29F00C550DA /* UIButton_Extension.swift */; };
		78D67DAD277E021000353A33 /* Common.swift in Sources */ = {isa = PBXBuildFile; fileRef = 78D67DAC277E021000353A33 /* Common.swift */; };
		78F7CE17277B339700AE9297 /* UIBarButtonItem_Extention.swift in Sources */ = {isa = PBXBuildFile; fileRef = 78F7CE16277B339700AE9297 /* UIBarButtonItem_Extention.swift */; };
		78F7CE19277B373100AE9297 /* TitleButton.swift in Sources */ = {isa = PBXBuildFile; fileRef = 78F7CE18277B373100AE9297 /* TitleButton.swift */; };
		78F7CE1D277B3CA900AE9297 /* PopoverViewController.swift in Sources */ = {isa = PBXBuildFile; fileRef = 78F7CE1B277B3CA900AE9297 /* PopoverViewController.swift */; };
		78F7CE1E277B3CA900AE9297 /* PopoverViewController.xib in Resources */ = {isa = PBXBuildFile; fileRef = 78F7CE1C277B3CA900AE9297 /* PopoverViewController.xib */; };
		78F7CE20277B427400AE9297 /* PopoverPresentationController.swift in Sources */ = {isa = PBXBuildFile; fileRef = 78F7CE1F277B427400AE9297 /* PopoverPresentationController.swift */; };
		78F7CE22277B558700AE9297 /* PopoverAnimator.swift in Sources */ = {isa = PBXBuildFile; fileRef = 78F7CE21277B558700AE9297 /* PopoverAnimator.swift */; };
		78F807D8278027FA0063153D /* UserAccountTool.swift in Sources */ = {isa = PBXBuildFile; fileRef = 78F807D7278027FA0063153D /* UserAccountTool.swift */; };
		78F807DE27802D9E0063153D /* WelcomeViewController.swift in Sources */ = {isa = PBXBuildFile; fileRef = 78F807DC27802D9E0063153D /* WelcomeViewController.swift */; };
		78F807DF27802D9E0063153D /* WelcomeViewController.xib in Resources */ = {isa = PBXBuildFile; fileRef = 78F807DD27802D9E0063153D /* WelcomeViewController.xib */; };
		78FB828727817327001A43C9 /* Status.swift in Sources */ = {isa = PBXBuildFile; fileRef = 78FB828627817327001A43C9 /* Status.swift */; };
		78FB82892781A6AD001A43C9 /* User.swift in Sources */ = {isa = PBXBuildFile; fileRef = 78FB82882781A6AD001A43C9 /* User.swift */; };
		78FB828B2781AD4A001A43C9 /* StatusViewModel.swift in Sources */ = {isa = PBXBuildFile; fileRef = 78FB828A2781AD4A001A43C9 /* StatusViewModel.swift */; };
		78FB828D2781AF72001A43C9 /* NSDate_Extension.swift in Sources */ = {isa = PBXBuildFile; fileRef = 78FB828C2781AF72001A43C9 /* NSDate_Extension.swift */; };
		78FB828F2781B66E001A43C9 /* HomeTableViewCell.swift in Sources */ = {isa = PBXBuildFile; fileRef = 78FB828E2781B66E001A43C9 /* HomeTableViewCell.swift */; };
/* End PBXBuildFile section */

/* Begin PBXFileReference section */
		04E574A7A3903B0879416BDD /* Pods-test.debug.xcconfig */ = {isa = PBXFileReference; includeInIndex = 1; lastKnownFileType = text.xcconfig; name = "Pods-test.debug.xcconfig"; path = "Target Support Files/Pods-test/Pods-test.debug.xcconfig"; sourceTree = "<group>"; };
		63B09E8F33DD4240A60C9DE7 /* Pods-test.release.xcconfig */ = {isa = PBXFileReference; includeInIndex = 1; lastKnownFileType = text.xcconfig; name = "Pods-test.release.xcconfig"; path = "Target Support Files/Pods-test/Pods-test.release.xcconfig"; sourceTree = "<group>"; };
		78131C6F277AFF7E00143DC4 /* BaseViewController.swift */ = {isa = PBXFileReference; lastKnownFileType = sourcecode.swift; path = BaseViewController.swift; sourceTree = "<group>"; };
		78131C71277B015E00143DC4 /* VisitorView.swift */ = {isa = PBXFileReference; lastKnownFileType = sourcecode.swift; path = VisitorView.swift; sourceTree = "<group>"; };
		78131C73277B018D00143DC4 /* VisitorView.xib */ = {isa = PBXFileReference; lastKnownFileType = file.xib; path = VisitorView.xib; sourceTree = "<group>"; };
		787870EA277EEF5000290005 /* UserAccount.swift */ = {isa = PBXFileReference; lastKnownFileType = sourcecode.swift; path = UserAccount.swift; sourceTree = "<group>"; };
		788864B027769FF20026673F /* test.app */ = {isa = PBXFileReference; explicitFileType = wrapper.application; includeInIndex = 0; path = test.app; sourceTree = BUILT_PRODUCTS_DIR; };
		788864B327769FF20026673F /* AppDelegate.swift */ = {isa = PBXFileReference; lastKnownFileType = sourcecode.swift; path = AppDelegate.swift; sourceTree = "<group>"; };
		788864B527769FF20026673F /* SceneDelegate.swift */ = {isa = PBXFileReference; lastKnownFileType = sourcecode.swift; path = SceneDelegate.swift; sourceTree = "<group>"; };
		788864BA27769FF20026673F /* Base */ = {isa = PBXFileReference; lastKnownFileType = file.storyboard; name = Base; path = Base.lproj/Main.storyboard; sourceTree = "<group>"; };
		788864BC27769FF20026673F /* Assets.xcassets */ = {isa = PBXFileReference; lastKnownFileType = folder.assetcatalog; path = Assets.xcassets; sourceTree = "<group>"; };
		788864BF27769FF20026673F /* Base */ = {isa = PBXFileReference; lastKnownFileType = file.storyboard; name = Base; path = Base.lproj/LaunchScreen.storyboard; sourceTree = "<group>"; };
		788864C127769FF20026673F /* Info.plist */ = {isa = PBXFileReference; lastKnownFileType = text.plist.xml; path = Info.plist; sourceTree = "<group>"; };
		78BBE9FF2782AFCB0054F0CA /* PicCollectionView.swift */ = {isa = PBXFileReference; lastKnownFileType = sourcecode.swift; path = PicCollectionView.swift; sourceTree = "<group>"; };
		78BFFCB3277C2E4D003F932B /* OAuthViewController.swift */ = {isa = PBXFileReference; lastKnownFileType = sourcecode.swift; path = OAuthViewController.swift; sourceTree = "<group>"; };
		78BFFCB4277C2E4D003F932B /* OAuthViewController.xib */ = {isa = PBXFileReference; lastKnownFileType = file.xib; path = OAuthViewController.xib; sourceTree = "<group>"; };
		78BFFCB7277C36EF003F932B /* NetworkTools.swift */ = {isa = PBXFileReference; lastKnownFileType = sourcecode.swift; path = NetworkTools.swift; sourceTree = "<group>"; };
		78D582CB2778470800C550DA /* MainViewController.swift */ = {isa = PBXFileReference; lastKnownFileType = sourcecode.swift; path = MainViewController.swift; sourceTree = "<group>"; };
		78D582CD2778497900C550DA /* HomeViewController.swift */ = {isa = PBXFileReference; lastKnownFileType = sourcecode.swift; path = HomeViewController.swift; sourceTree = "<group>"; };
		78D582CF2778498B00C550DA /* DiscoverViewController.swift */ = {isa = PBXFileReference; lastKnownFileType = sourcecode.swift; path = DiscoverViewController.swift; sourceTree = "<group>"; };
		78D582D12778499800C550DA /* MessageViewController.swift */ = {isa = PBXFileReference; lastKnownFileType = sourcecode.swift; path = MessageViewController.swift; sourceTree = "<group>"; };
		78D582D3277849A700C550DA /* ProfileViewController.swift */ = {isa = PBXFileReference; lastKnownFileType = sourcecode.swift; path = ProfileViewController.swift; sourceTree = "<group>"; };
		78D582D627788D4900C550DA /* Base */ = {isa = PBXFileReference; lastKnownFileType = file.storyboard; name = Base; path = test/Base.lproj/Home.storyboard; sourceTree = "<group>"; };
		78D582D827788DA400C550DA /* Message.storyboard */ = {isa = PBXFileReference; fileEncoding = 4; lastKnownFileType = file.storyboard; path = Message.storyboard; sourceTree = "<group>"; };
		78D582DA27788DC300C550DA /* Discover.storyboard */ = {isa = PBXFileReference; fileEncoding = 4; lastKnownFileType = file.storyboard; path = Discover.storyboard; sourceTree = "<group>"; };
		78D582DD27788DDE00C550DA /* Base */ = {isa = PBXFileReference; lastKnownFileType = file.storyboard; name = Base; path = test/Base.lproj/Me.storyboard; sourceTree = "<group>"; };
		78D582E62778A29F00C550DA /* UIButton_Extension.swift */ = {isa = PBXFileReference; lastKnownFileType = sourcecode.swift; path = UIButton_Extension.swift; sourceTree = "<group>"; };
		78D67DAC277E021000353A33 /* Common.swift */ = {isa = PBXFileReference; lastKnownFileType = sourcecode.swift; path = Common.swift; sourceTree = "<group>"; };
		78F7CE16277B339700AE9297 /* UIBarButtonItem_Extention.swift */ = {isa = PBXFileReference; lastKnownFileType = sourcecode.swift; path = UIBarButtonItem_Extention.swift; sourceTree = "<group>"; };
		78F7CE18277B373100AE9297 /* TitleButton.swift */ = {isa = PBXFileReference; lastKnownFileType = sourcecode.swift; path = TitleButton.swift; sourceTree = "<group>"; };
		78F7CE1B277B3CA900AE9297 /* PopoverViewController.swift */ = {isa = PBXFileReference; lastKnownFileType = sourcecode.swift; path = PopoverViewController.swift; sourceTree = "<group>"; };
		78F7CE1C277B3CA900AE9297 /* PopoverViewController.xib */ = {isa = PBXFileReference; lastKnownFileType = file.xib; path = PopoverViewController.xib; sourceTree = "<group>"; };
		78F7CE1F277B427400AE9297 /* PopoverPresentationController.swift */ = {isa = PBXFileReference; lastKnownFileType = sourcecode.swift; path = PopoverPresentationController.swift; sourceTree = "<group>"; };
		78F7CE21277B558700AE9297 /* PopoverAnimator.swift */ = {isa = PBXFileReference; lastKnownFileType = sourcecode.swift; path = PopoverAnimator.swift; sourceTree = "<group>"; };
		78F807D7278027FA0063153D /* UserAccountTool.swift */ = {isa = PBXFileReference; lastKnownFileType = sourcecode.swift; path = UserAccountTool.swift; sourceTree = "<group>"; };
		78F807DC27802D9E0063153D /* WelcomeViewController.swift */ = {isa = PBXFileReference; lastKnownFileType = sourcecode.swift; path = WelcomeViewController.swift; sourceTree = "<group>"; };
		78F807DD27802D9E0063153D /* WelcomeViewController.xib */ = {isa = PBXFileReference; lastKnownFileType = file.xib; path = WelcomeViewController.xib; sourceTree = "<group>"; };
		78FB828627817327001A43C9 /* Status.swift */ = {isa = PBXFileReference; lastKnownFileType = sourcecode.swift; path = Status.swift; sourceTree = "<group>"; };
		78FB82882781A6AD001A43C9 /* User.swift */ = {isa = PBXFileReference; lastKnownFileType = sourcecode.swift; path = User.swift; sourceTree = "<group>"; };
		78FB828A2781AD4A001A43C9 /* StatusViewModel.swift */ = {isa = PBXFileReference; lastKnownFileType = sourcecode.swift; path = StatusViewModel.swift; sourceTree = "<group>"; };
		78FB828C2781AF72001A43C9 /* NSDate_Extension.swift */ = {isa = PBXFileReference; lastKnownFileType = sourcecode.swift; path = NSDate_Extension.swift; sourceTree = "<group>"; };
		78FB828E2781B66E001A43C9 /* HomeTableViewCell.swift */ = {isa = PBXFileReference; lastKnownFileType = sourcecode.swift; path = HomeTableViewCell.swift; sourceTree = "<group>"; };
		8DA822C9812993DC89F40CE2 /* Pods_test.framework */ = {isa = PBXFileReference; explicitFileType = wrapper.framework; includeInIndex = 0; path = Pods_test.framework; sourceTree = BUILT_PRODUCTS_DIR; };
/* End PBXFileReference section */

/* Begin PBXFrameworksBuildPhase section */
		788864AD27769FF20026673F /* Frameworks */ = {
			isa = PBXFrameworksBuildPhase;
			buildActionMask = 2147483647;
			files = (
				418EB41D6C7A872E23502958 /* Pods_test.framework in Frameworks */,
			);
			runOnlyForDeploymentPostprocessing = 0;
		};
/* End PBXFrameworksBuildPhase section */

/* Begin PBXGroup section */
		139F36F3789A4F090EC391BD /* Pods */ = {
			isa = PBXGroup;
			children = (
				04E574A7A3903B0879416BDD /* Pods-test.debug.xcconfig */,
				63B09E8F33DD4240A60C9DE7 /* Pods-test.release.xcconfig */,
			);
			path = Pods;
			sourceTree = "<group>";
		};
		77014A85A198E9E42C20E8EB /* Frameworks */ = {
			isa = PBXGroup;
			children = (
				8DA822C9812993DC89F40CE2 /* Pods_test.framework */,
			);
			name = Frameworks;
			sourceTree = "<group>";
		};
		78131C6E277AFF5300143DC4 /* Visitor */ = {
			isa = PBXGroup;
			children = (
				78131C6F277AFF7E00143DC4 /* BaseViewController.swift */,
				78131C71277B015E00143DC4 /* VisitorView.swift */,
				78131C73277B018D00143DC4 /* VisitorView.xib */,
			);
			path = Visitor;
			sourceTree = "<group>";
		};
		788864A727769FF20026673F = {
			isa = PBXGroup;
			children = (
				788864B227769FF20026673F /* test */,
				788864B127769FF20026673F /* Products */,
				139F36F3789A4F090EC391BD /* Pods */,
				77014A85A198E9E42C20E8EB /* Frameworks */,
			);
			sourceTree = "<group>";
		};
		788864B127769FF20026673F /* Products */ = {
			isa = PBXGroup;
			children = (
				788864B027769FF20026673F /* test.app */,
			);
			name = Products;
			sourceTree = "<group>";
		};
		788864B227769FF20026673F /* test */ = {
			isa = PBXGroup;
			children = (
				78D582C5277844EF00C550DA /* Classes */,
				788864B327769FF20026673F /* AppDelegate.swift */,
				788864B527769FF20026673F /* SceneDelegate.swift */,
				788864B927769FF20026673F /* Main.storyboard */,
				788864BC27769FF20026673F /* Assets.xcassets */,
				788864BE27769FF20026673F /* LaunchScreen.storyboard */,
				788864C127769FF20026673F /* Info.plist */,
			);
			path = test;
			sourceTree = "<group>";
		};
		78BFFCB2277C2E0E003F932B /* OAuth */ = {
			isa = PBXGroup;
			children = (
				78BFFCB3277C2E4D003F932B /* OAuthViewController.swift */,
				78BFFCB4277C2E4D003F932B /* OAuthViewController.xib */,
				787870EA277EEF5000290005 /* UserAccount.swift */,
				78F807D7278027FA0063153D /* UserAccountTool.swift */,
			);
			path = OAuth;
			sourceTree = "<group>";
		};
		78D582C5277844EF00C550DA /* Classes */ = {
			isa = PBXGroup;
			children = (
				78D582E42778A27500C550DA /* Tools */,
				78D582C6277844EF00C550DA /* Home */,
				78D582C7277844EF00C550DA /* Discover */,
				78D582C8277844EF00C550DA /* Message */,
				78D582C9277844EF00C550DA /* Profile */,
				78D582CA277844EF00C550DA /* Main */,
			);
			path = Classes;
			sourceTree = "<group>";
		};
		78D582C6277844EF00C550DA /* Home */ = {
			isa = PBXGroup;
			children = (
				78FB828527817309001A43C9 /* HomeModel */,
				78D582CD2778497900C550DA /* HomeViewController.swift */,
				78D582D527788D4900C550DA /* Home.storyboard */,
				78FB828E2781B66E001A43C9 /* HomeTableViewCell.swift */,
				78BBE9FF2782AFCB0054F0CA /* PicCollectionView.swift */,
			);
			path = Home;
			sourceTree = "<group>";
		};
		78D582C7277844EF00C550DA /* Discover */ = {
			isa = PBXGroup;
			children = (
				78D582CF2778498B00C550DA /* DiscoverViewController.swift */,
				78D582DA27788DC300C550DA /* Discover.storyboard */,
			);
			path = Discover;
			sourceTree = "<group>";
		};
		78D582C8277844EF00C550DA /* Message */ = {
			isa = PBXGroup;
			children = (
				78D582D12778499800C550DA /* MessageViewController.swift */,
				78D582D827788DA400C550DA /* Message.storyboard */,
			);
			path = Message;
			sourceTree = "<group>";
		};
		78D582C9277844EF00C550DA /* Profile */ = {
			isa = PBXGroup;
			children = (
				78D582D3277849A700C550DA /* ProfileViewController.swift */,
				78D582DC27788DDE00C550DA /* Me.storyboard */,
			);
			path = Profile;
			sourceTree = "<group>";
		};
		78D582CA277844EF00C550DA /* Main */ = {
			isa = PBXGroup;
			children = (
				78F807D927802D560063153D /* Welcome */,
				78BFFCB2277C2E0E003F932B /* OAuth */,
				78131C6E277AFF5300143DC4 /* Visitor */,
				78D582CB2778470800C550DA /* MainViewController.swift */,
			);
			path = Main;
			sourceTree = "<group>";
		};
		78D582E42778A27500C550DA /* Tools */ = {
			isa = PBXGroup;
			children = (
				78F7CE1A277B3C4800AE9297 /* UIPopover */,
				78D582E52778A28300C550DA /* Category */,
				78F7CE18277B373100AE9297 /* TitleButton.swift */,
				78BFFCB7277C36EF003F932B /* NetworkTools.swift */,
				78D67DAC277E021000353A33 /* Common.swift */,
			);
			path = Tools;
			sourceTree = "<group>";
		};
		78D582E52778A28300C550DA /* Category */ = {
			isa = PBXGroup;
			children = (
				78D582E62778A29F00C550DA /* UIButton_Extension.swift */,
				78F7CE16277B339700AE9297 /* UIBarButtonItem_Extention.swift */,
				78FB828C2781AF72001A43C9 /* NSDate_Extension.swift */,
			);
			path = Category;
			sourceTree = "<group>";
		};
		78F7CE1A277B3C4800AE9297 /* UIPopover */ = {
			isa = PBXGroup;
			children = (
				78F7CE1B277B3CA900AE9297 /* PopoverViewController.swift */,
				78F7CE1C277B3CA900AE9297 /* PopoverViewController.xib */,
				78F7CE1F277B427400AE9297 /* PopoverPresentationController.swift */,
				78F7CE21277B558700AE9297 /* PopoverAnimator.swift */,
			);
			path = UIPopover;
			sourceTree = "<group>";
		};
		78F807D927802D560063153D /* Welcome */ = {
			isa = PBXGroup;
			children = (
				78F807DC27802D9E0063153D /* WelcomeViewController.swift */,
				78F807DD27802D9E0063153D /* WelcomeViewController.xib */,
			);
			path = Welcome;
			sourceTree = "<group>";
		};
		78FB828527817309001A43C9 /* HomeModel */ = {
			isa = PBXGroup;
			children = (
				78FB828627817327001A43C9 /* Status.swift */,
				78FB82882781A6AD001A43C9 /* User.swift */,
				78FB828A2781AD4A001A43C9 /* StatusViewModel.swift */,
			);
			path = HomeModel;
			sourceTree = "<group>";
		};
/* End PBXGroup section */

/* Begin PBXNativeTarget section */
		788864AF27769FF20026673F /* test */ = {
			isa = PBXNativeTarget;
			buildConfigurationList = 788864C427769FF20026673F /* Build configuration list for PBXNativeTarget "test" */;
			buildPhases = (
				A16EAB4A382749A844AB1AEE /* [CP] Check Pods Manifest.lock */,
				788864AC27769FF20026673F /* Sources */,
				788864AD27769FF20026673F /* Frameworks */,
				788864AE27769FF20026673F /* Resources */,
				6351B07688B21899B007EB1C /* [CP] Embed Pods Frameworks */,
			);
			buildRules = (
			);
			dependencies = (
			);
			name = test;
			productName = test;
			productReference = 788864B027769FF20026673F /* test.app */;
			productType = "com.apple.product-type.application";
		};
/* End PBXNativeTarget section */

/* Begin PBXProject section */
		788864A827769FF20026673F /* Project object */ = {
			isa = PBXProject;
			attributes = {
				LastSwiftUpdateCheck = 1250;
				LastUpgradeCheck = 1250;
				TargetAttributes = {
					788864AF27769FF20026673F = {
						CreatedOnToolsVersion = 12.5;
					};
				};
			};
			buildConfigurationList = 788864AB27769FF20026673F /* Build configuration list for PBXProject "test" */;
			compatibilityVersion = "Xcode 9.3";
			developmentRegion = en;
			hasScannedForEncodings = 0;
			knownRegions = (
				en,
				Base,
			);
			mainGroup = 788864A727769FF20026673F;
			productRefGroup = 788864B127769FF20026673F /* Products */;
			projectDirPath = "";
			projectRoot = "";
			targets = (
				788864AF27769FF20026673F /* test */,
			);
		};
/* End PBXProject section */

/* Begin PBXResourcesBuildPhase section */
		788864AE27769FF20026673F /* Resources */ = {
			isa = PBXResourcesBuildPhase;
			buildActionMask = 2147483647;
			files = (
				78BFFCB6277C2E4D003F932B /* OAuthViewController.xib in Resources */,
				788864C027769FF20026673F /* LaunchScreen.storyboard in Resources */,
				788864BD27769FF20026673F /* Assets.xcassets in Resources */,
				78F7CE1E277B3CA900AE9297 /* PopoverViewController.xib in Resources */,
				78D582D927788DA400C550DA /* Message.storyboard in Resources */,
				78F807DF27802D9E0063153D /* WelcomeViewController.xib in Resources */,
				788864BB27769FF20026673F /* Main.storyboard in Resources */,
				78131C74277B018D00143DC4 /* VisitorView.xib in Resources */,
				78D582D727788D4900C550DA /* Home.storyboard in Resources */,
				78D582DE27788DDE00C550DA /* Me.storyboard in Resources */,
				78D582DB27788DC300C550DA /* Discover.storyboard in Resources */,
			);
			runOnlyForDeploymentPostprocessing = 0;
		};
/* End PBXResourcesBuildPhase section */

/* Begin PBXShellScriptBuildPhase section */
		6351B07688B21899B007EB1C /* [CP] Embed Pods Frameworks */ = {
			isa = PBXShellScriptBuildPhase;
			buildActionMask = 2147483647;
			files = (
			);
			inputFileListPaths = (
				"${PODS_ROOT}/Target Support Files/Pods-test/Pods-test-frameworks-${CONFIGURATION}-input-files.xcfilelist",
			);
			name = "[CP] Embed Pods Frameworks";
			outputFileListPaths = (
				"${PODS_ROOT}/Target Support Files/Pods-test/Pods-test-frameworks-${CONFIGURATION}-output-files.xcfilelist",
			);
			runOnlyForDeploymentPostprocessing = 0;
			shellPath = /bin/sh;
			shellScript = "\"${PODS_ROOT}/Target Support Files/Pods-test/Pods-test-frameworks.sh\"\n";
			showEnvVarsInLog = 0;
		};
		A16EAB4A382749A844AB1AEE /* [CP] Check Pods Manifest.lock */ = {
			isa = PBXShellScriptBuildPhase;
			buildActionMask = 2147483647;
			files = (
			);
			inputFileListPaths = (
			);
			inputPaths = (
				"${PODS_PODFILE_DIR_PATH}/Podfile.lock",
				"${PODS_ROOT}/Manifest.lock",
			);
			name = "[CP] Check Pods Manifest.lock";
			outputFileListPaths = (
			);
			outputPaths = (
				"$(DERIVED_FILE_DIR)/Pods-test-checkManifestLockResult.txt",
			);
			runOnlyForDeploymentPostprocessing = 0;
			shellPath = /bin/sh;
			shellScript = "diff \"${PODS_PODFILE_DIR_PATH}/Podfile.lock\" \"${PODS_ROOT}/Manifest.lock\" > /dev/null\nif [ $? != 0 ] ; then\n    # print error to STDERR\n    echo \"error: The sandbox is not in sync with the Podfile.lock. Run 'pod install' or update your CocoaPods installation.\" >&2\n    exit 1\nfi\n# This output is used by Xcode 'outputs' to avoid re-running this script phase.\necho \"SUCCESS\" > \"${SCRIPT_OUTPUT_FILE_0}\"\n";
			showEnvVarsInLog = 0;
		};
/* End PBXShellScriptBuildPhase section */

/* Begin PBXSourcesBuildPhase section */
		788864AC27769FF20026673F /* Sources */ = {
			isa = PBXSourcesBuildPhase;
			buildActionMask = 2147483647;
			files = (
				78D582CC2778470800C550DA /* MainViewController.swift in Sources */,
				78BFFCB8277C36EF003F932B /* NetworkTools.swift in Sources */,
				78FB828F2781B66E001A43C9 /* HomeTableViewCell.swift in Sources */,
				78D582E72778A29F00C550DA /* UIButton_Extension.swift in Sources */,
				78F7CE1D277B3CA900AE9297 /* PopoverViewController.swift in Sources */,
				78D67DAD277E021000353A33 /* Common.swift in Sources */,
				787870EB277EEF5000290005 /* UserAccount.swift in Sources */,
				78F807DE27802D9E0063153D /* WelcomeViewController.swift in Sources */,
				788864B427769FF20026673F /* AppDelegate.swift in Sources */,
				78BFFCB5277C2E4D003F932B /* OAuthViewController.swift in Sources */,
				788864B627769FF20026673F /* SceneDelegate.swift in Sources */,
				78D582CE2778497900C550DA /* HomeViewController.swift in Sources */,
				78131C70277AFF7E00143DC4 /* BaseViewController.swift in Sources */,
				78D582D4277849A700C550DA /* ProfileViewController.swift in Sources */,
				78131C72277B015E00143DC4 /* VisitorView.swift in Sources */,
				78D582D22778499800C550DA /* MessageViewController.swift in Sources */,
				78FB828727817327001A43C9 /* Status.swift in Sources */,
				78FB828B2781AD4A001A43C9 /* StatusViewModel.swift in Sources */,
				78F807D8278027FA0063153D /* UserAccountTool.swift in Sources */,
				78F7CE22277B558700AE9297 /* PopoverAnimator.swift in Sources */,
				78F7CE17277B339700AE9297 /* UIBarButtonItem_Extention.swift in Sources */,
				78FB828D2781AF72001A43C9 /* NSDate_Extension.swift in Sources */,
				78F7CE19277B373100AE9297 /* TitleButton.swift in Sources */,
				78D582D02778498B00C550DA /* DiscoverViewController.swift in Sources */,
				78F7CE20277B427400AE9297 /* PopoverPresentationController.swift in Sources */,
				78BBEA002782AFCB0054F0CA /* PicCollectionView.swift in Sources */,
				78FB82892781A6AD001A43C9 /* User.swift in Sources */,
			);
			runOnlyForDeploymentPostprocessing = 0;
		};
/* End PBXSourcesBuildPhase section */

/* Begin PBXVariantGroup section */
		788864B927769FF20026673F /* Main.storyboard */ = {
			isa = PBXVariantGroup;
			children = (
				788864BA27769FF20026673F /* Base */,
			);
			name = Main.storyboard;
			sourceTree = "<group>";
		};
		788864BE27769FF20026673F /* LaunchScreen.storyboard */ = {
			isa = PBXVariantGroup;
			children = (
				788864BF27769FF20026673F /* Base */,
			);
			name = LaunchScreen.storyboard;
			sourceTree = "<group>";
		};
		78D582D527788D4900C550DA /* Home.storyboard */ = {
			isa = PBXVariantGroup;
			children = (
				78D582D627788D4900C550DA /* Base */,
			);
			name = Home.storyboard;
			sourceTree = "<group>";
		};
		78D582DC27788DDE00C550DA /* Me.storyboard */ = {
			isa = PBXVariantGroup;
			children = (
				78D582DD27788DDE00C550DA /* Base */,
			);
			name = Me.storyboard;
			sourceTree = "<group>";
		};
/* End PBXVariantGroup section */

/* Begin XCBuildConfiguration section */
		788864C227769FF20026673F /* Debug */ = {
			isa = XCBuildConfiguration;
			buildSettings = {
				ALWAYS_SEARCH_USER_PATHS = NO;
				CLANG_ANALYZER_NONNULL = YES;
				CLANG_ANALYZER_NUMBER_OBJECT_CONVERSION = YES_AGGRESSIVE;
				CLANG_CXX_LANGUAGE_STANDARD = "gnu++14";
				CLANG_CXX_LIBRARY = "libc++";
				CLANG_ENABLE_MODULES = YES;
				CLANG_ENABLE_OBJC_ARC = YES;
				CLANG_ENABLE_OBJC_WEAK = YES;
				CLANG_WARN_BLOCK_CAPTURE_AUTORELEASING = YES;
				CLANG_WARN_BOOL_CONVERSION = YES;
				CLANG_WARN_COMMA = YES;
				CLANG_WARN_CONSTANT_CONVERSION = YES;
				CLANG_WARN_DEPRECATED_OBJC_IMPLEMENTATIONS = YES;
				CLANG_WARN_DIRECT_OBJC_ISA_USAGE = YES_ERROR;
				CLANG_WARN_DOCUMENTATION_COMMENTS = YES;
				CLANG_WARN_EMPTY_BODY = YES;
				CLANG_WARN_ENUM_CONVERSION = YES;
				CLANG_WARN_INFINITE_RECURSION = YES;
				CLANG_WARN_INT_CONVERSION = YES;
				CLANG_WARN_NON_LITERAL_NULL_CONVERSION = YES;
				CLANG_WARN_OBJC_IMPLICIT_RETAIN_SELF = YES;
				CLANG_WARN_OBJC_LITERAL_CONVERSION = YES;
				CLANG_WARN_OBJC_ROOT_CLASS = YES_ERROR;
				CLANG_WARN_QUOTED_INCLUDE_IN_FRAMEWORK_HEADER = YES;
				CLANG_WARN_RANGE_LOOP_ANALYSIS = YES;
				CLANG_WARN_STRICT_PROTOTYPES = YES;
				CLANG_WARN_SUSPICIOUS_MOVE = YES;
				CLANG_WARN_UNGUARDED_AVAILABILITY = YES_AGGRESSIVE;
				CLANG_WARN_UNREACHABLE_CODE = YES;
				CLANG_WARN__DUPLICATE_METHOD_MATCH = YES;
				COPY_PHASE_STRIP = NO;
				DEBUG_INFORMATION_FORMAT = dwarf;
				ENABLE_STRICT_OBJC_MSGSEND = YES;
				ENABLE_TESTABILITY = YES;
				GCC_C_LANGUAGE_STANDARD = gnu11;
				GCC_DYNAMIC_NO_PIC = NO;
				GCC_NO_COMMON_BLOCKS = YES;
				GCC_OPTIMIZATION_LEVEL = 0;
				GCC_PREPROCESSOR_DEFINITIONS = (
					"DEBUG=1",
					"$(inherited)",
				);
				GCC_WARN_64_TO_32_BIT_CONVERSION = YES;
				GCC_WARN_ABOUT_RETURN_TYPE = YES_ERROR;
				GCC_WARN_UNDECLARED_SELECTOR = YES;
				GCC_WARN_UNINITIALIZED_AUTOS = YES_AGGRESSIVE;
				GCC_WARN_UNUSED_FUNCTION = YES;
				GCC_WARN_UNUSED_VARIABLE = YES;
				IPHONEOS_DEPLOYMENT_TARGET = 14.5;
				MTL_ENABLE_DEBUG_INFO = INCLUDE_SOURCE;
				MTL_FAST_MATH = YES;
				ONLY_ACTIVE_ARCH = YES;
				SDKROOT = iphoneos;
				SWIFT_ACTIVE_COMPILATION_CONDITIONS = DEBUG;
				SWIFT_OPTIMIZATION_LEVEL = "-Onone";
			};
			name = Debug;
		};
		788864C327769FF20026673F /* Release */ = {
			isa = XCBuildConfiguration;
			buildSettings = {
				ALWAYS_SEARCH_USER_PATHS = NO;
				CLANG_ANALYZER_NONNULL = YES;
				CLANG_ANALYZER_NUMBER_OBJECT_CONVERSION = YES_AGGRESSIVE;
				CLANG_CXX_LANGUAGE_STANDARD = "gnu++14";
				CLANG_CXX_LIBRARY = "libc++";
				CLANG_ENABLE_MODULES = YES;
				CLANG_ENABLE_OBJC_ARC = YES;
				CLANG_ENABLE_OBJC_WEAK = YES;
				CLANG_WARN_BLOCK_CAPTURE_AUTORELEASING = YES;
				CLANG_WARN_BOOL_CONVERSION = YES;
				CLANG_WARN_COMMA = YES;
				CLANG_WARN_CONSTANT_CONVERSION = YES;
				CLANG_WARN_DEPRECATED_OBJC_IMPLEMENTATIONS = YES;
				CLANG_WARN_DIRECT_OBJC_ISA_USAGE = YES_ERROR;
				CLANG_WARN_DOCUMENTATION_COMMENTS = YES;
				CLANG_WARN_EMPTY_BODY = YES;
				CLANG_WARN_ENUM_CONVERSION = YES;
				CLANG_WARN_INFINITE_RECURSION = YES;
				CLANG_WARN_INT_CONVERSION = YES;
				CLANG_WARN_NON_LITERAL_NULL_CONVERSION = YES;
				CLANG_WARN_OBJC_IMPLICIT_RETAIN_SELF = YES;
				CLANG_WARN_OBJC_LITERAL_CONVERSION = YES;
				CLANG_WARN_OBJC_ROOT_CLASS = YES_ERROR;
				CLANG_WARN_QUOTED_INCLUDE_IN_FRAMEWORK_HEADER = YES;
				CLANG_WARN_RANGE_LOOP_ANALYSIS = YES;
				CLANG_WARN_STRICT_PROTOTYPES = YES;
				CLANG_WARN_SUSPICIOUS_MOVE = YES;
				CLANG_WARN_UNGUARDED_AVAILABILITY = YES_AGGRESSIVE;
				CLANG_WARN_UNREACHABLE_CODE = YES;
				CLANG_WARN__DUPLICATE_METHOD_MATCH = YES;
				COPY_PHASE_STRIP = NO;
				DEBUG_INFORMATION_FORMAT = "dwarf-with-dsym";
				ENABLE_NS_ASSERTIONS = NO;
				ENABLE_STRICT_OBJC_MSGSEND = YES;
				GCC_C_LANGUAGE_STANDARD = gnu11;
				GCC_NO_COMMON_BLOCKS = YES;
				GCC_WARN_64_TO_32_BIT_CONVERSION = YES;
				GCC_WARN_ABOUT_RETURN_TYPE = YES_ERROR;
				GCC_WARN_UNDECLARED_SELECTOR = YES;
				GCC_WARN_UNINITIALIZED_AUTOS = YES_AGGRESSIVE;
				GCC_WARN_UNUSED_FUNCTION = YES;
				GCC_WARN_UNUSED_VARIABLE = YES;
				IPHONEOS_DEPLOYMENT_TARGET = 14.5;
				MTL_ENABLE_DEBUG_INFO = NO;
				MTL_FAST_MATH = YES;
				SDKROOT = iphoneos;
				SWIFT_COMPILATION_MODE = wholemodule;
				SWIFT_OPTIMIZATION_LEVEL = "-O";
				VALIDATE_PRODUCT = YES;
			};
			name = Release;
		};
		788864C527769FF20026673F /* Debug */ = {
			isa = XCBuildConfiguration;
			baseConfigurationReference = 04E574A7A3903B0879416BDD /* Pods-test.debug.xcconfig */;
			buildSettings = {
				ASSETCATALOG_COMPILER_APPICON_NAME = AppIcon;
				ASSETCATALOG_COMPILER_GLOBAL_ACCENT_COLOR_NAME = AccentColor;
				CODE_SIGN_IDENTITY = "Apple Development";
				CODE_SIGN_STYLE = Automatic;
				DEVELOPMENT_TEAM = N5286NMZDJ;
				INFOPLIST_FILE = test/Info.plist;
				IPHONEOS_DEPLOYMENT_TARGET = 14.5;
				LD_RUNPATH_SEARCH_PATHS = (
					"$(inherited)",
					"@executable_path/Frameworks",
				);
				PRODUCT_BUNDLE_IDENTIFIER = xinglangwqefasdfas;
				PRODUCT_NAME = "$(TARGET_NAME)";
				PROVISIONING_PROFILE_SPECIFIER = "";
				SWIFT_VERSION = 5.0;
				TARGETED_DEVICE_FAMILY = "1,2";
			};
			name = Debug;
		};
		788864C627769FF20026673F /* Release */ = {
			isa = XCBuildConfiguration;
			baseConfigurationReference = 63B09E8F33DD4240A60C9DE7 /* Pods-test.release.xcconfig */;
			buildSettings = {
				ASSETCATALOG_COMPILER_APPICON_NAME = AppIcon;
				ASSETCATALOG_COMPILER_GLOBAL_ACCENT_COLOR_NAME = AccentColor;
				CODE_SIGN_IDENTITY = "Apple Development";
				CODE_SIGN_STYLE = Automatic;
				DEVELOPMENT_TEAM = N5286NMZDJ;
				INFOPLIST_FILE = test/Info.plist;
				IPHONEOS_DEPLOYMENT_TARGET = 14.5;
				LD_RUNPATH_SEARCH_PATHS = (
					"$(inherited)",
					"@executable_path/Frameworks",
				);
				PRODUCT_BUNDLE_IDENTIFIER = xinglangwqefasdfas;
				PRODUCT_NAME = "$(TARGET_NAME)";
				PROVISIONING_PROFILE_SPECIFIER = "";
				SWIFT_VERSION = 5.0;
				TARGETED_DEVICE_FAMILY = "1,2";
			};
			name = Release;
		};
/* End XCBuildConfiguration section */

/* Begin XCConfigurationList section */
		788864AB27769FF20026673F /* Build configuration list for PBXProject "test" */ = {
			isa = XCConfigurationList;
			buildConfigurations = (
				788864C227769FF20026673F /* Debug */,
				788864C327769FF20026673F /* Release */,
			);
			defaultConfigurationIsVisible = 0;
			defaultConfigurationName = Release;
		};
		788864C427769FF20026673F /* Build configuration list for PBXNativeTarget "test" */ = {
			isa = XCConfigurationList;
			buildConfigurations = (
				788864C527769FF20026673F /* Debug */,
				788864C627769FF20026673F /* Release */,
			);
			defaultConfigurationIsVisible = 0;
			defaultConfigurationName = Release;
		};
/* End XCConfigurationList section */
	};
	rootObject = 788864A827769FF20026673F /* Project object */;
}
